
Microsoft Visual Studio Solution File, Format Version 12.00
# Visual Studio Version 17
VisualStudioVersion = 17.10.35004.147
MinimumVisualStudioVersion = 10.0.40219.1
Project("{FAE04EC0-301F-11D3-BF4B-00C04F79EFBC}") = "MDTERM_EXAM_A3", "MDTERM_EXAM_A3.csproj", "{AD868AF7-80A1-4F96-A73F-CC17D906CB7C}"
EndProject
Global
	GlobalSection(SolutionConfigurationPlatforms) = preSolution
		Debug|Any CPU = Debug|Any CPU
		Release|Any CPU = Release|Any CPU
	EndGlobalSection
	GlobalSection(ProjectConfigurationPlatforms) = postSolution
		{AD868AF7-80A1-4F96-A73F-CC17D906CB7C}.Debug|Any CPU.ActiveCfg = Debug|Any CPU
		{AD868AF7-80A1-4F96-A73F-CC17D906CB7C}.Debug|Any CPU.Build.0 = Debug|Any CPU
		{AD868AF7-80A1-4F96-A73F-CC17D906CB7C}.Release|Any CPU.ActiveCfg = Release|Any CPU
		{AD868AF7-80A1-4F96-A73F-CC17D906CB7C}.Release|Any CPU.Build.0 = Release|Any CPU
	EndGlobalSection
	GlobalSection(SolutionProperties) = preSolution
		HideSolutionNode = FALSE
	EndGlobalSection
	GlobalSection(ExtensibilityGlobals) = postSolution
		SolutionGuid = {32817B2F-C317-42FD-9B37-C8F294367547}
	EndGlobalSection
EndGlobal
